
Microsoft Visual Studio Solution File, Format Version 12.00
# Visual Studio Version 16
VisualStudioVersion = 16.0.30503.244
MinimumVisualStudioVersion = 10.0.40219.1
Project("{FAE04EC0-301F-11D3-BF4B-00C04F79EFBC}") = "IHM", "CSVToCSV\IHM.csproj", "{29752B1F-8CA5-4277-85DC-04796FD6E636}"
EndProject
Project("{FAE04EC0-301F-11D3-BF4B-00C04F79EFBC}") = "Services", "Services\Services.csproj", "{52E940BB-FCB8-48F6-A61F-2C22B6F77BBF}"
EndProject
Global
	GlobalSection(SolutionConfigurationPlatforms) = preSolution
		Debug|Any CPU = Debug|Any CPU
		Release|Any CPU = Release|Any CPU
	EndGlobalSection
	GlobalSection(ProjectConfigurationPlatforms) = postSolution
		{29752B1F-8CA5-4277-85DC-04796FD6E636}.Debug|Any CPU.ActiveCfg = Debug|Any CPU
		{29752B1F-8CA5-4277-85DC-04796FD6E636}.Debug|Any CPU.Build.0 = Debug|Any CPU
		{29752B1F-8CA5-4277-85DC-04796FD6E636}.Release|Any CPU.ActiveCfg = Release|Any CPU
		{29752B1F-8CA5-4277-85DC-04796FD6E636}.Release|Any CPU.Build.0 = Release|Any CPU
		{52E940BB-FCB8-48F6-A61F-2C22B6F77BBF}.Debug|Any CPU.ActiveCfg = Debug|Any CPU
		{52E940BB-FCB8-48F6-A61F-2C22B6F77BBF}.Debug|Any CPU.Build.0 = Debug|Any CPU
		{52E940BB-FCB8-48F6-A61F-2C22B6F77BBF}.Release|Any CPU.ActiveCfg = Release|Any CPU
		{52E940BB-FCB8-48F6-A61F-2C22B6F77BBF}.Release|Any CPU.Build.0 = Release|Any CPU
	EndGlobalSection
	GlobalSection(SolutionProperties) = preSolution
		HideSolutionNode = FALSE
	EndGlobalSection
	GlobalSection(ExtensibilityGlobals) = postSolution
		SolutionGuid = {DD2666CC-C679-4675-9B76-1C518A8F6F65}
	EndGlobalSection
EndGlobal
